
Microsoft Visual Studio Solution File, Format Version 12.00
# Visual Studio Version 16
VisualStudioVersion = 16.0.29215.179
MinimumVisualStudioVersion = 10.0.40219.1
Project("{FAE04EC0-301F-11D3-BF4B-00C04F79EFBC}") = "gitcsharpthing", "gitcsharpthing\gitcsharpthing.csproj", "{99DCE161-E70A-4CD6-8749-052980D9754F}"
EndProject
Global
	GlobalSection(SolutionConfigurationPlatforms) = preSolution
		Debug|Any CPU = Debug|Any CPU
		Release|Any CPU = Release|Any CPU
	EndGlobalSection
	GlobalSection(ProjectConfigurationPlatforms) = postSolution
		{99DCE161-E70A-4CD6-8749-052980D9754F}.Debug|Any CPU.ActiveCfg = Debug|Any CPU
		{99DCE161-E70A-4CD6-8749-052980D9754F}.Debug|Any CPU.Build.0 = Debug|Any CPU
		{99DCE161-E70A-4CD6-8749-052980D9754F}.Release|Any CPU.ActiveCfg = Release|Any CPU
		{99DCE161-E70A-4CD6-8749-052980D9754F}.Release|Any CPU.Build.0 = Release|Any CPU
	EndGlobalSection
	GlobalSection(SolutionProperties) = preSolution
		HideSolutionNode = FALSE
	EndGlobalSection
	GlobalSection(ExtensibilityGlobals) = postSolution
		SolutionGuid = {C87CB3B6-1F8B-4C3F-A0F5-6811CF6F20DD}
	EndGlobalSection
EndGlobal
